// !$*UTF8*$!
{
	archiveVersion = 1;
	classes = {
	};
	objectVersion = 50;
	objects = {

/* Begin PBXBuildFile section */
		22D8925D2109C2940049F408 /* AppDelegate.m in Sources */ = {isa = PBXBuildFile; fileRef = 22D8925C2109C2940049F408 /* AppDelegate.m */; };
		22D892602109C2940049F408 /* ViewController.m in Sources */ = {isa = PBXBuildFile; fileRef = 22D8925F2109C2940049F408 /* ViewController.m */; };
		22D892632109C2940049F408 /* Main.storyboard in Resources */ = {isa = PBXBuildFile; fileRef = 22D892612109C2940049F408 /* Main.storyboard */; };
		22D892652109C2960049F408 /* Assets.xcassets in Resources */ = {isa = PBXBuildFile; fileRef = 22D892642109C2960049F408 /* Assets.xcassets */; };
		22D892682109C2960049F408 /* LaunchScreen.storyboard in Resources */ = {isa = PBXBuildFile; fileRef = 22D892662109C2960049F408 /* LaunchScreen.storyboard */; };
		22D8926B2109C2960049F408 /* main.m in Sources */ = {isa = PBXBuildFile; fileRef = 22D8926A2109C2960049F408 /* main.m */; };
		22D892752109C2960049F408 /* BaseDemoTests.m in Sources */ = {isa = PBXBuildFile; fileRef = 22D892742109C2960049F408 /* BaseDemoTests.m */; };
		22D892802109C2960049F408 /* BaseDemoUITests.m in Sources */ = {isa = PBXBuildFile; fileRef = 22D8927F2109C2960049F408 /* BaseDemoUITests.m */; };
/* End PBXBuildFile section */

/* Begin PBXContainerItemProxy section */
		22D892712109C2960049F408 /* PBXContainerItemProxy */ = {
			isa = PBXContainerItemProxy;
			containerPortal = 22D892502109C2940049F408 /* Project object */;
			proxyType = 1;
			remoteGlobalIDString = 22D892572109C2940049F408;
			remoteInfo = BaseDemo;
		};
		22D8927C2109C2960049F408 /* PBXContainerItemProxy */ = {
			isa = PBXContainerItemProxy;
			containerPortal = 22D892502109C2940049F408 /* Project object */;
			proxyType = 1;
			remoteGlobalIDString = 22D892572109C2940049F408;
			remoteInfo = BaseDemo;
		};
/* End PBXContainerItemProxy section */

/* Begin PBXFileReference section */
		22D892582109C2940049F408 /* BaseDemo.app */ = {isa = PBXFileReference; explicitFileType = wrapper.application; includeInIndex = 0; path = BaseDemo.app; sourceTree = BUILT_PRODUCTS_DIR; };
		22D8925B2109C2940049F408 /* AppDelegate.h */ = {isa = PBXFileReference; lastKnownFileType = sourcecode.c.h; path = AppDelegate.h; sourceTree = "<group>"; };
		22D8925C2109C2940049F408 /* AppDelegate.m */ = {isa = PBXFileReference; lastKnownFileType = sourcecode.c.objc; path = AppDelegate.m; sourceTree = "<group>"; };
		22D8925E2109C2940049F408 /* ViewController.h */ = {isa = PBXFileReference; lastKnownFileType = sourcecode.c.h; path = ViewController.h; sourceTree = "<group>"; };
		22D8925F2109C2940049F408 /* ViewController.m */ = {isa = PBXFileReference; lastKnownFileType = sourcecode.c.objc; path = ViewController.m; sourceTree = "<group>"; };
		22D892622109C2940049F408 /* Base */ = {isa = PBXFileReference; lastKnownFileType = file.storyboard; name = Base; path = Base.lproj/Main.storyboard; sourceTree = "<group>"; };
		22D892642109C2960049F408 /* Assets.xcassets */ = {isa = PBXFileReference; lastKnownFileType = folder.assetcatalog; path = Assets.xcassets; sourceTree = "<group>"; };
		22D892672109C2960049F408 /* Base */ = {isa = PBXFileReference; lastKnownFileType = file.storyboard; name = Base; path = Base.lproj/LaunchScreen.storyboard; sourceTree = "<group>"; };
		22D892692109C2960049F408 /* Info.plist */ = {isa = PBXFileReference; lastKnownFileType = text.plist.xml; path = Info.plist; sourceTree = "<group>"; };
		22D8926A2109C2960049F408 /* main.m */ = {isa = PBXFileReference; lastKnownFileType = sourcecode.c.objc; path = main.m; sourceTree = "<group>"; };
		22D892702109C2960049F408 /* BaseDemoTests.xctest */ = {isa = PBXFileReference; explicitFileType = wrapper.cfbundle; includeInIndex = 0; path = BaseDemoTests.xctest; sourceTree = BUILT_PRODUCTS_DIR; };
		22D892742109C2960049F408 /* BaseDemoTests.m */ = {isa = PBXFileReference; lastKnownFileType = sourcecode.c.objc; path = BaseDemoTests.m; sourceTree = "<group>"; };
		22D892762109C2960049F408 /* Info.plist */ = {isa = PBXFileReference; lastKnownFileType = text.plist.xml; path = Info.plist; sourceTree = "<group>"; };
		22D8927B2109C2960049F408 /* BaseDemoUITests.xctest */ = {isa = PBXFileReference; explicitFileType = wrapper.cfbundle; includeInIndex = 0; path = BaseDemoUITests.xctest; sourceTree = BUILT_PRODUCTS_DIR; };
		22D8927F2109C2960049F408 /* BaseDemoUITests.m */ = {isa = PBXFileReference; lastKnownFileType = sourcecode.c.objc; path = BaseDemoUITests.m; sourceTree = "<group>"; };
		22D892812109C2960049F408 /* Info.plist */ = {isa = PBXFileReference; lastKnownFileType = text.plist.xml; path = Info.plist; sourceTree = "<group>"; };
/* End PBXFileReference section */

/* Begin PBXFrameworksBuildPhase section */
		22D892552109C2940049F408 /* Frameworks */ = {
			isa = PBXFrameworksBuildPhase;
			buildActionMask = 2147483647;
			files = (
			);
			runOnlyForDeploymentPostprocessing = 0;
		};
		22D8926D2109C2960049F408 /* Frameworks */ = {
			isa = PBXFrameworksBuildPhase;
			buildActionMask = 2147483647;
			files = (
			);
			runOnlyForDeploymentPostprocessing = 0;
		};
		22D892782109C2960049F408 /* Frameworks */ = {
			isa = PBXFrameworksBuildPhase;
			buildActionMask = 2147483647;
			files = (
			);
			runOnlyForDeploymentPostprocessing = 0;
		};
/* End PBXFrameworksBuildPhase section */

/* Begin PBXGroup section */
		22D8924F2109C2940049F408 = {
			isa = PBXGroup;
			children = (
				22D8925A2109C2940049F408 /* BaseDemo */,
				22D892732109C2960049F408 /* BaseDemoTests */,
				22D8927E2109C2960049F408 /* BaseDemoUITests */,
				22D892592109C2940049F408 /* Products */,
			);
			sourceTree = "<group>";
		};
		22D892592109C2940049F408 /* Products */ = {
			isa = PBXGroup;
			children = (
				22D892582109C2940049F408 /* BaseDemo.app */,
				22D892702109C2960049F408 /* BaseDemoTests.xctest */,
				22D8927B2109C2960049F408 /* BaseDemoUITests.xctest */,
			);
			name = Products;
			sourceTree = "<group>";
		};
		22D8925A2109C2940049F408 /* BaseDemo */ = {
			isa = PBXGroup;
			children = (
				22D8925B2109C2940049F408 /* AppDelegate.h */,
				22D8925C2109C2940049F408 /* AppDelegate.m */,
				22D8925E2109C2940049F408 /* ViewController.h */,
				22D8925F2109C2940049F408 /* ViewController.m */,
				22D892612109C2940049F408 /* Main.storyboard */,
				22D892642109C2960049F408 /* Assets.xcassets */,
				22D892662109C2960049F408 /* LaunchScreen.storyboard */,
				22D892692109C2960049F408 /* Info.plist */,
				22D8926A2109C2960049F408 /* main.m */,
			);
			path = BaseDemo;
			sourceTree = "<group>";
		};
		22D892732109C2960049F408 /* BaseDemoTests */ = {
			isa = PBXGroup;
			children = (
				22D892742109C2960049F408 /* BaseDemoTests.m */,
				22D892762109C2960049F408 /* Info.plist */,
			);
			path = BaseDemoTests;
			sourceTree = "<group>";
		};
		22D8927E2109C2960049F408 /* BaseDemoUITests */ = {
			isa = PBXGroup;
			children = (
				22D8927F2109C2960049F408 /* BaseDemoUITests.m */,
				22D892812109C2960049F408 /* Info.plist */,
			);
			path = BaseDemoUITests;
			sourceTree = "<group>";
		};
/* End PBXGroup section */

/* Begin PBXNativeTarget section */
		22D892572109C2940049F408 /* BaseDemo */ = {
			isa = PBXNativeTarget;
			buildConfigurationList = 22D892842109C2960049F408 /* Build configuration list for PBXNativeTarget "BaseDemo" */;
			buildPhases = (
				22D892542109C2940049F408 /* Sources */,
				22D892552109C2940049F408 /* Frameworks */,
				22D892562109C2940049F408 /* Resources */,
			);
			buildRules = (
			);
			dependencies = (
			);
			name = BaseDemo;
			productName = BaseDemo;
			productReference = 22D892582109C2940049F408 /* BaseDemo.app */;
			productType = "com.apple.product-type.application";
		};
		22D8926F2109C2960049F408 /* BaseDemoTests */ = {
			isa = PBXNativeTarget;
			buildConfigurationList = 22D892872109C2960049F408 /* Build configuration list for PBXNativeTarget "BaseDemoTests" */;
			buildPhases = (
				22D8926C2109C2960049F408 /* Sources */,
				22D8926D2109C2960049F408 /* Frameworks */,
				22D8926E2109C2960049F408 /* Resources */,
			);
			buildRules = (
			);
			dependencies = (
				22D892722109C2960049F408 /* PBXTargetDependency */,
			);
			name = BaseDemoTests;
			productName = BaseDemoTests;
			productReference = 22D892702109C2960049F408 /* BaseDemoTests.xctest */;
			productType = "com.apple.product-type.bundle.unit-test";
		};
		22D8927A2109C2960049F408 /* BaseDemoUITests */ = {
			isa = PBXNativeTarget;
			buildConfigurationList = 22D8928A2109C2960049F408 /* Build configuration list for PBXNativeTarget "BaseDemoUITests" */;
			buildPhases = (
				22D892772109C2960049F408 /* Sources */,
				22D892782109C2960049F408 /* Frameworks */,
				22D892792109C2960049F408 /* Resources */,
			);
			buildRules = (
			);
			dependencies = (
				22D8927D2109C2960049F408 /* PBXTargetDependency */,
			);
			name = BaseDemoUITests;
			productName = BaseDemoUITests;
			productReference = 22D8927B2109C2960049F408 /* BaseDemoUITests.xctest */;
			productType = "com.apple.product-type.bundle.ui-testing";
		};
/* End PBXNativeTarget section */

/* Begin PBXProject section */
		22D892502109C2940049F408 /* Project object */ = {
			isa = PBXProject;
			attributes = {
				LastUpgradeCheck = 0940;
				ORGANIZATIONNAME = "Tim Mei";
				TargetAttributes = {
					22D892572109C2940049F408 = {
						CreatedOnToolsVersion = 9.4;
					};
					22D8926F2109C2960049F408 = {
						CreatedOnToolsVersion = 9.4;
						TestTargetID = 22D892572109C2940049F408;
					};
					22D8927A2109C2960049F408 = {
						CreatedOnToolsVersion = 9.4;
						TestTargetID = 22D892572109C2940049F408;
					};
				};
			};
			buildConfigurationList = 22D892532109C2940049F408 /* Build configuration list for PBXProject "BaseDemo" */;
			compatibilityVersion = "Xcode 9.3";
			developmentRegion = en;
			hasScannedForEncodings = 0;
			knownRegions = (
				en,
				Base,
			);
			mainGroup = 22D8924F2109C2940049F408;
			productRefGroup = 22D892592109C2940049F408 /* Products */;
			projectDirPath = "";
			projectRoot = "";
			targets = (
				22D892572109C2940049F408 /* BaseDemo */,
				22D8926F2109C2960049F408 /* BaseDemoTests */,
				22D8927A2109C2960049F408 /* BaseDemoUITests */,
			);
		};
/* End PBXProject section */

/* Begin PBXResourcesBuildPhase section */
		22D892562109C2940049F408 /* Resources */ = {
			isa = PBXResourcesBuildPhase;
			buildActionMask = 2147483647;
			files = (
				22D892682109C2960049F408 /* LaunchScreen.storyboard in Resources */,
				22D892652109C2960049F408 /* Assets.xcassets in Resources */,
				22D892632109C2940049F408 /* Main.storyboard in Resources */,
			);
			runOnlyForDeploymentPostprocessing = 0;
		};
		22D8926E2109C2960049F408 /* Resources */ = {
			isa = PBXResourcesBuildPhase;
			buildActionMask = 2147483647;
			files = (
			);
			runOnlyForDeploymentPostprocessing = 0;
		};
		22D892792109C2960049F408 /* Resources */ = {
			isa = PBXResourcesBuildPhase;
			buildActionMask = 2147483647;
			files = (
			);
			runOnlyForDeploymentPostprocessing = 0;
		};
/* End PBXResourcesBuildPhase section */

/* Begin PBXSourcesBuildPhase section */
		22D892542109C2940049F408 /* Sources */ = {
			isa = PBXSourcesBuildPhase;
			buildActionMask = 2147483647;
			files = (
				22D892602109C2940049F408 /* ViewController.m in Sources */,
				22D8926B2109C2960049F408 /* main.m in Sources */,
				22D8925D2109C2940049F408 /* AppDelegate.m in Sources */,
			);
			runOnlyForDeploymentPostprocessing = 0;
		};
		22D8926C2109C2960049F408 /* Sources */ = {
			isa = PBXSourcesBuildPhase;
			buildActionMask = 2147483647;
			files = (
				22D892752109C2960049F408 /* BaseDemoTests.m in Sources */,
			);
			runOnlyForDeploymentPostprocessing = 0;
		};
		22D892772109C2960049F408 /* Sources */ = {
			isa = PBXSourcesBuildPhase;
			buildActionMask = 2147483647;
			files = (
				22D892802109C2960049F408 /* BaseDemoUITests.m in Sources */,
			);
			runOnlyForDeploymentPostprocessing = 0;
		};
/* End PBXSourcesBuildPhase section */

/* Begin PBXTargetDependency section */
		22D892722109C2960049F408 /* PBXTargetDependency */ = {
			isa = PBXTargetDependency;
			target = 22D892572109C2940049F408 /* BaseDemo */;
			targetProxy = 22D892712109C2960049F408 /* PBXContainerItemProxy */;
		};
		22D8927D2109C2960049F408 /* PBXTargetDependency */ = {
			isa = PBXTargetDependency;
			target = 22D892572109C2940049F408 /* BaseDemo */;
			targetProxy = 22D8927C2109C2960049F408 /* PBXContainerItemProxy */;
		};
/* End PBXTargetDependency section */

/* Begin PBXVariantGroup section */
		22D892612109C2940049F408 /* Main.storyboard */ = {
			isa = PBXVariantGroup;
			children = (
				22D892622109C2940049F408 /* Base */,
			);
			name = Main.storyboard;
			sourceTree = "<group>";
		};
		22D892662109C2960049F408 /* LaunchScreen.storyboard */ = {
			isa = PBXVariantGroup;
			children = (
				22D892672109C2960049F408 /* Base */,
			);
			name = LaunchScreen.storyboard;
			sourceTree = "<group>";
		};
/* End PBXVariantGroup section */

/* Begin XCBuildConfiguration section */
		22D892822109C2960049F408 /* Debug */ = {
			isa = XCBuildConfiguration;
			buildSettings = {
				ALWAYS_SEARCH_USER_PATHS = NO;
				CLANG_ANALYZER_NONNULL = YES;
				CLANG_ANALYZER_NUMBER_OBJECT_CONVERSION = YES_AGGRESSIVE;
				CLANG_CXX_LANGUAGE_STANDARD = "gnu++14";
				CLANG_CXX_LIBRARY = "libc++";
				CLANG_ENABLE_MODULES = YES;
				CLANG_ENABLE_OBJC_ARC = YES;
				CLANG_ENABLE_OBJC_WEAK = YES;
				CLANG_WARN_BLOCK_CAPTURE_AUTORELEASING = YES;
				CLANG_WARN_BOOL_CONVERSION = YES;
				CLANG_WARN_COMMA = YES;
				CLANG_WARN_CONSTANT_CONVERSION = YES;
				CLANG_WARN_DEPRECATED_OBJC_IMPLEMENTATIONS = YES;
				CLANG_WARN_DIRECT_OBJC_ISA_USAGE = YES_ERROR;
				CLANG_WARN_DOCUMENTATION_COMMENTS = YES;
				CLANG_WARN_EMPTY_BODY = YES;
				CLANG_WARN_ENUM_CONVERSION = YES;
				CLANG_WARN_INFINITE_RECURSION = YES;
				CLANG_WARN_INT_CONVERSION = YES;
				CLANG_WARN_NON_LITERAL_NULL_CONVERSION = YES;
				CLANG_WARN_OBJC_IMPLICIT_RETAIN_SELF = YES;
				CLANG_WARN_OBJC_LITERAL_CONVERSION = YES;
				CLANG_WARN_OBJC_ROOT_CLASS = YES_ERROR;
				CLANG_WARN_RANGE_LOOP_ANALYSIS = YES;
				CLANG_WARN_STRICT_PROTOTYPES = YES;
				CLANG_WARN_SUSPICIOUS_MOVE = YES;
				CLANG_WARN_UNGUARDED_AVAILABILITY = YES_AGGRESSIVE;
				CLANG_WARN_UNREACHABLE_CODE = YES;
				CLANG_WARN__DUPLICATE_METHOD_MATCH = YES;
				CODE_SIGN_IDENTITY = "iPhone Developer";
				COPY_PHASE_STRIP = NO;
				DEBUG_INFORMATION_FORMAT = dwarf;
				ENABLE_STRICT_OBJC_MSGSEND = YES;
				ENABLE_TESTABILITY = YES;
				GCC_C_LANGUAGE_STANDARD = gnu11;
				GCC_DYNAMIC_NO_PIC = NO;
				GCC_NO_COMMON_BLOCKS = YES;
				GCC_OPTIMIZATION_LEVEL = 0;
				GCC_PREPROCESSOR_DEFINITIONS = (
					"DEBUG=1",
					"$(inherited)",
				);
				GCC_WARN_64_TO_32_BIT_CONVERSION = YES;
				GCC_WARN_ABOUT_RETURN_TYPE = YES_ERROR;
				GCC_WARN_UNDECLARED_SELECTOR = YES;
				GCC_WARN_UNINITIALIZED_AUTOS = YES_AGGRESSIVE;
				GCC_WARN_UNUSED_FUNCTION = YES;
				GCC_WARN_UNUSED_VARIABLE = YES;
				IPHONEOS_DEPLOYMENT_TARGET = 11.4;
				MTL_ENABLE_DEBUG_INFO = YES;
				ONLY_ACTIVE_ARCH = YES;
				SDKROOT = iphoneos;
			};
			name = Debug;
		};
		22D892832109C2960049F408 /* Release */ = {
			isa = XCBuildConfiguration;
			buildSettings = {
				ALWAYS_SEARCH_USER_PATHS = NO;
				CLANG_ANALYZER_NONNULL = YES;
				CLANG_ANALYZER_NUMBER_OBJECT_CONVERSION = YES_AGGRESSIVE;
				CLANG_CXX_LANGUAGE_STANDARD = "gnu++14";
				CLANG_CXX_LIBRARY = "libc++";
				CLANG_ENABLE_MODULES = YES;
				CLANG_ENABLE_OBJC_ARC = YES;
				CLANG_ENABLE_OBJC_WEAK = YES;
				CLANG_WARN_BLOCK_CAPTURE_AUTORELEASING = YES;
				CLANG_WARN_BOOL_CONVERSION = YES;
				CLANG_WARN_COMMA = YES;
				CLANG_WARN_CONSTANT_CONVERSION = YES;
				CLANG_WARN_DEPRECATED_OBJC_IMPLEMENTATIONS = YES;
				CLANG_WARN_DIRECT_OBJC_ISA_USAGE = YES_ERROR;
				CLANG_WARN_DOCUMENTATION_COMMENTS = YES;
				CLANG_WARN_EMPTY_BODY = YES;
				CLANG_WARN_ENUM_CONVERSION = YES;
				CLANG_WARN_INFINITE_RECURSION = YES;
				CLANG_WARN_INT_CONVERSION = YES;
				CLANG_WARN_NON_LITERAL_NULL_CONVERSION = YES;
				CLANG_WARN_OBJC_IMPLICIT_RETAIN_SELF = YES;
				CLANG_WARN_OBJC_LITERAL_CONVERSION = YES;
				CLANG_WARN_OBJC_ROOT_CLASS = YES_ERROR;
				CLANG_WARN_RANGE_LOOP_ANALYSIS = YES;
				CLANG_WARN_STRICT_PROTOTYPES = YES;
				CLANG_WARN_SUSPICIOUS_MOVE = YES;
				CLANG_WARN_UNGUARDED_AVAILABILITY = YES_AGGRESSIVE;
				CLANG_WARN_UNREACHABLE_CODE = YES;
				CLANG_WARN__DUPLICATE_METHOD_MATCH = YES;
				CODE_SIGN_IDENTITY = "iPhone Developer";
				COPY_PHASE_STRIP = NO;
				DEBUG_INFORMATION_FORMAT = "dwarf-with-dsym";
				ENABLE_NS_ASSERTIONS = NO;
				ENABLE_STRICT_OBJC_MSGSEND = YES;
				GCC_C_LANGUAGE_STANDARD = gnu11;
				GCC_NO_COMMON_BLOCKS = YES;
				GCC_WARN_64_TO_32_BIT_CONVERSION = YES;
				GCC_WARN_ABOUT_RETURN_TYPE = YES_ERROR;
				GCC_WARN_UNDECLARED_SELECTOR = YES;
				GCC_WARN_UNINITIALIZED_AUTOS = YES_AGGRESSIVE;
				GCC_WARN_UNUSED_FUNCTION = YES;
				GCC_WARN_UNUSED_VARIABLE = YES;
				IPHONEOS_DEPLOYMENT_TARGET = 11.4;
				MTL_ENABLE_DEBUG_INFO = NO;
				SDKROOT = iphoneos;
				VALIDATE_PRODUCT = YES;
			};
			name = Release;
		};
		22D892852109C2960049F408 /* Debug */ = {
			isa = XCBuildConfiguration;
			buildSettings = {
				ASSETCATALOG_COMPILER_APPICON_NAME = AppIcon;
				CODE_SIGN_STYLE = Automatic;
				DEVELOPMENT_TEAM = J43X54CQ3M;
				INFOPLIST_FILE = BaseDemo/Info.plist;
				LD_RUNPATH_SEARCH_PATHS = (
					"$(inherited)",
					"@executable_path/Frameworks",
				);
				PRODUCT_BUNDLE_IDENTIFIER = com.test.BaseDemo;
				PRODUCT_NAME = "$(TARGET_NAME)";
				TARGETED_DEVICE_FAMILY = "1,2";
			};
			name = Debug;
		};
		22D892862109C2960049F408 /* Release */ = {
			isa = XCBuildConfiguration;
			buildSettings = {
				ASSETCATALOG_COMPILER_APPICON_NAME = AppIcon;
				CODE_SIGN_STYLE = Automatic;
				DEVELOPMENT_TEAM = J43X54CQ3M;
				INFOPLIST_FILE = BaseDemo/Info.plist;
				LD_RUNPATH_SEARCH_PATHS = (
					"$(inherited)",
					"@executable_path/Frameworks",
				);
				PRODUCT_BUNDLE_IDENTIFIER = com.test.BaseDemo;
				PRODUCT_NAME = "$(TARGET_NAME)";
				TARGETED_DEVICE_FAMILY = "1,2";
			};
			name = Release;
		};
		22D892882109C2960049F408 /* Debug */ = {
			isa = XCBuildConfiguration;
			buildSettings = {
				BUNDLE_LOADER = "$(TEST_HOST)";
				CODE_SIGN_STYLE = Automatic;
				DEVELOPMENT_TEAM = J43X54CQ3M;
				INFOPLIST_FILE = BaseDemoTests/Info.plist;
				LD_RUNPATH_SEARCH_PATHS = (
					"$(inherited)",
					"@executable_path/Frameworks",
					"@loader_path/Frameworks",
				);
				PRODUCT_BUNDLE_IDENTIFIER = com.test.BaseDemoTests;
				PRODUCT_NAME = "$(TARGET_NAME)";
				TARGETED_DEVICE_FAMILY = "1,2";
				TEST_HOST = "$(BUILT_PRODUCTS_DIR)/BaseDemo.app/BaseDemo";
			};
			name = Debug;
		};
		22D892892109C2960049F408 /* Release */ = {
			isa = XCBuildConfiguration;
			buildSettings = {
				BUNDLE_LOADER = "$(TEST_HOST)";
				CODE_SIGN_STYLE = Automatic;
				DEVELOPMENT_TEAM = J43X54CQ3M;
				INFOPLIST_FILE = BaseDemoTests/Info.plist;
				LD_RUNPATH_SEARCH_PATHS = (
					"$(inherited)",
					"@executable_path/Frameworks",
					"@loader_path/Frameworks",
				);
				PRODUCT_BUNDLE_IDENTIFIER = com.test.BaseDemoTests;
				PRODUCT_NAME = "$(TARGET_NAME)";
				TARGETED_DEVICE_FAMILY = "1,2";
				TEST_HOST = "$(BUILT_PRODUCTS_DIR)/BaseDemo.app/BaseDemo";
			};
			name = Release;
		};
		22D8928B2109C2960049F408 /* Debug */ = {
			isa = XCBuildConfiguration;
			buildSettings = {
				CODE_SIGN_STYLE = Automatic;
				DEVELOPMENT_TEAM = J43X54CQ3M;
				INFOPLIST_FILE = BaseDemoUITests/Info.plist;
				LD_RUNPATH_SEARCH_PATHS = (
					"$(inherited)",
					"@executable_path/Frameworks",
					"@loader_path/Frameworks",
				);
				PRODUCT_BUNDLE_IDENTIFIER = com.test.BaseDemoUITests;
				PRODUCT_NAME = "$(TARGET_NAME)";
				TARGETED_DEVICE_FAMILY = "1,2";
				TEST_TARGET_NAME = BaseDemo;
			};
			name = Debug;
		};
		22D8928C2109C2960049F408 /* Release */ = {
			isa = XCBuildConfiguration;
			buildSettings = {
				CODE_SIGN_STYLE = Automatic;
				DEVELOPMENT_TEAM = J43X54CQ3M;
				INFOPLIST_FILE = BaseDemoUITests/Info.plist;
				LD_RUNPATH_SEARCH_PATHS = (
					"$(inherited)",
					"@executable_path/Frameworks",
					"@loader_path/Frameworks",
				);
				PRODUCT_BUNDLE_IDENTIFIER = com.test.BaseDemoUITests;
				PRODUCT_NAME = "$(TARGET_NAME)";
				TARGETED_DEVICE_FAMILY = "1,2";
				TEST_TARGET_NAME = BaseDemo;
			};
			name = Release;
		};
/* End XCBuildConfiguration section */

/* Begin XCConfigurationList section */
		22D892532109C2940049F408 /* Build configuration list for PBXProject "BaseDemo" */ = {
			isa = XCConfigurationList;
			buildConfigurations = (
				22D892822109C2960049F408 /* Debug */,
				22D892832109C2960049F408 /* Release */,
			);
			defaultConfigurationIsVisible = 0;
			defaultConfigurationName = Release;
		};
		22D892842109C2960049F408 /* Build configuration list for PBXNativeTarget "BaseDemo" */ = {
			isa = XCConfigurationList;
			buildConfigurations = (
				22D892852109C2960049F408 /* Debug */,
				22D892862109C2960049F408 /* Release */,
			);
			defaultConfigurationIsVisible = 0;
			defaultConfigurationName = Release;
		};
		22D892872109C2960049F408 /* Build configuration list for PBXNativeTarget "BaseDemoTests" */ = {
			isa = XCConfigurationList;
			buildConfigurations = (
				22D892882109C2960049F408 /* Debug */,
				22D892892109C2960049F408 /* Release */,
			);
			defaultConfigurationIsVisible = 0;
			defaultConfigurationName = Release;
		};
		22D8928A2109C2960049F408 /* Build configuration list for PBXNativeTarget "BaseDemoUITests" */ = {
			isa = XCConfigurationList;
			buildConfigurations = (
				22D8928B2109C2960049F408 /* Debug */,
				22D8928C2109C2960049F408 /* Release */,
			);
			defaultConfigurationIsVisible = 0;
			defaultConfigurationName = Release;
		};
/* End XCConfigurationList section */
	};
	rootObject = 22D892502109C2940049F408 /* Project object */;
}
